{
    "name": "usage",
    "version": "0.0.0",
    "lockfileVersion": 3,
    "requires": true,
    "packages": {
        "": {
            "name": "usage",
            "version": "0.0.0",
            "license": "UNLICENSED",
            "dependencies": {
                "@wherejuly/null-object": "file:../.delivery/.builds/dist"
            }
        },
        "../.delivery/.builds/dist": {
            "name": "null-object",
            "version": "0.0.1",
            "license": "MIT",
            "devDependencies": {
                "@eslint/js": "^9.29.0",
                "@tsconfig/node20": "^20.1.6",
                "@types/node": "^22.15.32",
                "@typescript-eslint/eslint-plugin": "^8.34.1",
                "@typescript-eslint/parser": "^8.34.1",
                "cpy-cli": "^5.0.0",
                "eslint": "^9.29.0",
                "markdown-link-check": "^3.13.7",
                "rimraf": "^6.0.1",
                "tsc-alias": "^1.8.16",
                "tsx": "^4.20.3",
                "typescript": "^5.8.3",
                "typescript-eslint": "^8.34.1",
                "vitest": "^3.2.4"
            }
        },
        "node_modules/@wherejuly/null-object": {
            "resolved": "../.delivery/.builds/dist",
            "link": true
        }
    }
}
